
Microsoft Visual Studio Solution File, Format Version 12.00
# Visual Studio Version 17
VisualStudioVersion = 17.0.31903.59
MinimumVisualStudioVersion = 10.0.40219.1
Project("{9A19103F-16F7-4668-BE54-9A1E7A4F7556}") = "Kamp4OOP1", "Kamp4OOP1\Kamp4OOP1.csproj", "{84E7E223-C813-4DBC-8D17-6953CFC08D77}"
EndProject
Project("{FAE04EC0-301F-11D3-BF4B-00C04F79EFBC}") = "Collections", "Collections\Collections.csproj", "{145EDF35-A107-4313-8F90-80C14B533229}"
EndProject
Project("{FAE04EC0-301F-11D3-BF4B-00C04F79EFBC}") = "GenericsIntro", "GenericsIntro\GenericsIntro.csproj", "{E74E5CEF-50AB-4652-807B-DCC1BD8A36FC}"
EndProject
Global
	GlobalSection(SolutionConfigurationPlatforms) = preSolution
		Debug|Any CPU = Debug|Any CPU
		Release|Any CPU = Release|Any CPU
	EndGlobalSection
	GlobalSection(ProjectConfigurationPlatforms) = postSolution
		{84E7E223-C813-4DBC-8D17-6953CFC08D77}.Debug|Any CPU.ActiveCfg = Debug|Any CPU
		{84E7E223-C813-4DBC-8D17-6953CFC08D77}.Debug|Any CPU.Build.0 = Debug|Any CPU
		{84E7E223-C813-4DBC-8D17-6953CFC08D77}.Release|Any CPU.ActiveCfg = Release|Any CPU
		{84E7E223-C813-4DBC-8D17-6953CFC08D77}.Release|Any CPU.Build.0 = Release|Any CPU
		{145EDF35-A107-4313-8F90-80C14B533229}.Debug|Any CPU.ActiveCfg = Debug|Any CPU
		{145EDF35-A107-4313-8F90-80C14B533229}.Debug|Any CPU.Build.0 = Debug|Any CPU
		{145EDF35-A107-4313-8F90-80C14B533229}.Release|Any CPU.ActiveCfg = Release|Any CPU
		{145EDF35-A107-4313-8F90-80C14B533229}.Release|Any CPU.Build.0 = Release|Any CPU
		{E74E5CEF-50AB-4652-807B-DCC1BD8A36FC}.Debug|Any CPU.ActiveCfg = Debug|Any CPU
		{E74E5CEF-50AB-4652-807B-DCC1BD8A36FC}.Debug|Any CPU.Build.0 = Debug|Any CPU
		{E74E5CEF-50AB-4652-807B-DCC1BD8A36FC}.Release|Any CPU.ActiveCfg = Release|Any CPU
		{E74E5CEF-50AB-4652-807B-DCC1BD8A36FC}.Release|Any CPU.Build.0 = Release|Any CPU
	EndGlobalSection
	GlobalSection(SolutionProperties) = preSolution
		HideSolutionNode = FALSE
	EndGlobalSection
	GlobalSection(ExtensibilityGlobals) = postSolution
		SolutionGuid = {05160E8D-BA86-4DE9-B803-885EECF24412}
	EndGlobalSection
EndGlobal
